GEM
  remote: https://rubygems.org/
  specs:
    bigdecimal (4.0.1)
    google-protobuf (4.33.5)
      bigdecimal
      rake (>= 13)
    googleapis-common-protos-types (1.22.0)
      google-protobuf (~> 4.26)
    grpc (1.78.0)
      google-protobuf (>= 3.25, < 5.0)
      googleapis-common-protos-types (~> 1.0)
    grpc-tools (1.78.0)
    rake (13.3.1)

PLATFORMS
  arm64-darwin-25
  ruby

DEPENDENCIES
  google-protobuf (~> 4.33.5)
  grpc (~> 1.78.0)
  grpc-tools (~> 1.78.0)

CHECKSUMS
  bigdecimal (4.0.1) sha256=8b07d3d065a9f921c80ceaea7c9d4ae596697295b584c296fe599dd0ad01c4a7
  google-protobuf (4.33.5) sha256=1b64fb774c101b23ac3f6923eca24be04fd971635d235c4cd4cfe0d752620da0
  googleapis-common-protos-types (1.22.0) sha256=f97492b77bd6da0018c860d5004f512fe7cd165554d7019a8f4df6a56fbfc4c7
  grpc (1.78.0) sha256=7aaf47b6d7783fb0e7d40fc853d34e802d47aef7b1312862b6e719141b3527c9
  grpc-tools (1.78.0) sha256=d071847d6370945c36ffc4700a6cd4b20b6c85b8471f1922c669b26049ba5fa2
  rake (13.3.1) sha256=8c9e89d09f66a26a01264e7e3480ec0607f0c497a861ef16063604b1b08eb19c

BUNDLED WITH
  4.0.6
