GEM
  remote: https://rubygems.org/
  specs:
    ast (2.4.3)
    bigdecimal (4.1.0)
    google-protobuf (4.33.6)
      bigdecimal
      rake (>= 13)
    google-protobuf (4.33.6-aarch64-linux-gnu)
      bigdecimal
      rake (>= 13)
    google-protobuf (4.33.6-aarch64-linux-musl)
      bigdecimal
      rake (>= 13)
    google-protobuf (4.33.6-arm64-darwin)
      bigdecimal
      rake (>= 13)
    google-protobuf (4.33.6-x86-linux-gnu)
      bigdecimal
      rake (>= 13)
    google-protobuf (4.33.6-x86-linux-musl)
      bigdecimal
      rake (>= 13)
    google-protobuf (4.33.6-x86_64-darwin)
      bigdecimal
      rake (>= 13)
    google-protobuf (4.33.6-x86_64-linux-gnu)
      bigdecimal
      rake (>= 13)
    google-protobuf (4.33.6-x86_64-linux-musl)
      bigdecimal
      rake (>= 13)
    googleapis-common-protos-types (1.22.0)
      google-protobuf (~> 4.26)
    grpc (1.78.1)
      google-protobuf (>= 3.25, < 5.0)
      googleapis-common-protos-types (~> 1.0)
    grpc (1.78.1-aarch64-linux-gnu)
      google-protobuf (>= 3.25, < 5.0)
      googleapis-common-protos-types (~> 1.0)
    grpc (1.78.1-aarch64-linux-musl)
      google-protobuf (>= 3.25, < 5.0)
      googleapis-common-protos-types (~> 1.0)
    grpc (1.78.1-arm64-darwin)
      google-protobuf (>= 3.25, < 5.0)
      googleapis-common-protos-types (~> 1.0)
    grpc (1.78.1-x86-linux-gnu)
      google-protobuf (>= 3.25, < 5.0)
      googleapis-common-protos-types (~> 1.0)
    grpc (1.78.1-x86-linux-musl)
      google-protobuf (>= 3.25, < 5.0)
      googleapis-common-protos-types (~> 1.0)
    grpc (1.78.1-x86_64-darwin)
      google-protobuf (>= 3.25, < 5.0)
      googleapis-common-protos-types (~> 1.0)
    grpc (1.78.1-x86_64-linux-gnu)
      google-protobuf (>= 3.25, < 5.0)
      googleapis-common-protos-types (~> 1.0)
    grpc (1.78.1-x86_64-linux-musl)
      google-protobuf (>= 3.25, < 5.0)
      googleapis-common-protos-types (~> 1.0)
    grpc-tools (1.78.1)
    json (2.19.3)
    language_server-protocol (3.17.0.5)
    lint_roller (1.1.0)
    minitest (5.27.0)
    parallel (1.27.0)
    parser (3.3.11.1)
      ast (~> 2.4.1)
      racc
    prism (1.9.0)
    racc (1.8.1)
    rainbow (3.1.1)
    rake (13.3.1)
    regexp_parser (2.11.3)
    rexml (3.4.4)
    rubocop (1.62.1)
      json (~> 2.3)
      language_server-protocol (>= 3.17.0)
      parallel (~> 1.10)
      parser (>= 3.3.0.2)
      rainbow (>= 2.2.2, < 4.0)
      regexp_parser (>= 1.8, < 3.0)
      rexml (>= 3.2.5, < 4.0)
      rubocop-ast (>= 1.31.1, < 2.0)
      ruby-progressbar (~> 1.7)
      unicode-display_width (>= 2.4.0, < 3.0)
    rubocop-ast (1.49.1)
      parser (>= 3.3.7.2)
      prism (~> 1.7)
    rubocop-performance (1.23.1)
      rubocop (>= 1.48.1, < 2.0)
      rubocop-ast (>= 1.31.1, < 2.0)
    ruby-progressbar (1.13.0)
    standard (1.35.1)
      language_server-protocol (~> 3.17.0.2)
      lint_roller (~> 1.0)
      rubocop (~> 1.62.0)
      standard-custom (~> 1.0.0)
      standard-performance (~> 1.3)
    standard-custom (1.0.2)
      lint_roller (~> 1.0)
      rubocop (~> 1.50)
    standard-performance (1.6.0)
      lint_roller (~> 1.1)
      rubocop-performance (~> 1.23.0)
    unicode-display_width (2.6.0)

PLATFORMS
  aarch64-linux-gnu
  aarch64-linux-musl
  arm64-darwin
  ruby
  x86-linux-gnu
  x86-linux-musl
  x86_64-darwin
  x86_64-linux-gnu
  x86_64-linux-musl

DEPENDENCIES
  google-protobuf (~> 4.33.5)
  grpc (~> 1.78.0)
  grpc-tools (~> 1.78.0)
  minitest (~> 5.0)
  standard (~> 1.35.0)

CHECKSUMS
  ast (2.4.3) sha256=954615157c1d6a382bc27d690d973195e79db7f55e9765ac7c481c60bdb4d383
  bigdecimal (4.1.0) sha256=6dc07767aa3dc456ccd48e7ae70a07b474e9afd7c5bc576f80bd6da5c8dd6cae
  google-protobuf (4.33.6) sha256=e3625090c7fdb5e5316f88193d4bffa686bc58ff599f06c474cd303e899e7ee5
  google-protobuf (4.33.6-aarch64-linux-gnu) sha256=583acaf28279f3a7a6016bb6d00a01ecc666a4bb3a44080ddddff5b51ba2b7fc
  google-protobuf (4.33.6-aarch64-linux-musl) sha256=0d2371d8f4249f2c10b70afa899166bc052ad5560324eb76252f61b4a90dfce5
  google-protobuf (4.33.6-arm64-darwin) sha256=93e3046d764a3a1e302a66e39d1f04184dea3949f5d69dcb787ff839c5aa5783
  google-protobuf (4.33.6-x86-linux-gnu) sha256=0f42cab690fe0f2ef033dbca60c599a7baed1b9b2e35102827e20a615d1c5934
  google-protobuf (4.33.6-x86-linux-musl) sha256=d9f96e31f3f608480388d27f239c7d22eb0fd3688334432520f5ed131e72a369
  google-protobuf (4.33.6-x86_64-darwin) sha256=7fe3d119445d9792e2395470379aba6188a35d97e53af4087f2c758465fbd3e6
  google-protobuf (4.33.6-x86_64-linux-gnu) sha256=dcaa0282b5d42b71c592833f18970ad0b080dd1a92dd8f4a6df7397dfe328481
  google-protobuf (4.33.6-x86_64-linux-musl) sha256=7f817d04d33a5df12ff78693d0ab60f2c5ff1ce2a3303727b8d238bd79337bd4
  googleapis-common-protos-types (1.22.0) sha256=f97492b77bd6da0018c860d5004f512fe7cd165554d7019a8f4df6a56fbfc4c7
  grpc (1.78.1) sha256=c9e8a54cf901263c25c1e17af116f9145fbfdf4b69931234581b0be2059f6758
  grpc (1.78.1-aarch64-linux-gnu) sha256=11597d75fd0efc855a5d8898867d00179ad215ddca2ec53ddb4d1b3a9bf313a4
  grpc (1.78.1-aarch64-linux-musl) sha256=ba7d5b82cf935ffd2476196b53f5abce152f1e640fb2011d937a2a6965686e3b
  grpc (1.78.1-arm64-darwin) sha256=7378b58db8dc65b19dce8006a47c0da30f1faf5d07160d2e1816c31126d3a388
  grpc (1.78.1-x86-linux-gnu) sha256=d05ef89ad5cd5bf830edca3686b506924583b0cacb17cf980889bd86b850b310
  grpc (1.78.1-x86-linux-musl) sha256=795fcdab18dd2e444880bf7d68903a489c1da9469bc57836acfc46511800caad
  grpc (1.78.1-x86_64-darwin) sha256=4b1fe081374c3abcb7204a1396d2986c80c6478a77a93586b27c56d9237947f0
  grpc (1.78.1-x86_64-linux-gnu) sha256=c0715fe9bc80cf21fbaca2713abf8db6f628f6f31ec1d8762b667151e6ab0c9f
  grpc (1.78.1-x86_64-linux-musl) sha256=4e90a3d0f2baa1cd70756ffe116bd81bb7b398ff774272828a23a89ac9a30b06
  grpc-tools (1.78.1) sha256=0555a7d043fa8355828f6e11ca86a819cac729389e831c3e08fddbd3bfe5f3c0
  json (2.19.3) sha256=289b0bb53052a1fa8c34ab33cc750b659ba14a5c45f3fcf4b18762dc67c78646
  language_server-protocol (3.17.0.5) sha256=fd1e39a51a28bf3eec959379985a72e296e9f9acfce46f6a79d31ca8760803cc
  lint_roller (1.1.0) sha256=2c0c845b632a7d172cb849cc90c1bce937a28c5c8ccccb50dfd46a485003cc87
  minitest (5.27.0) sha256=2d3b17f8a36fe7801c1adcffdbc38233b938eb0b4966e97a6739055a45fa77d5
  parallel (1.27.0) sha256=4ac151e1806b755fb4e2dc2332cbf0e54f2e24ba821ff2d3dcf86bf6dc4ae130
  parser (3.3.11.1) sha256=d17ace7aabe3e72c3cc94043714be27cc6f852f104d81aa284c2281aecc65d54
  prism (1.9.0) sha256=7b530c6a9f92c24300014919c9dcbc055bf4cdf51ec30aed099b06cd6674ef85
  racc (1.8.1) sha256=4a7f6929691dbec8b5209a0b373bc2614882b55fc5d2e447a21aaa691303d62f
  rainbow (3.1.1) sha256=039491aa3a89f42efa1d6dec2fc4e62ede96eb6acd95e52f1ad581182b79bc6a
  rake (13.3.1) sha256=8c9e89d09f66a26a01264e7e3480ec0607f0c497a861ef16063604b1b08eb19c
  regexp_parser (2.11.3) sha256=ca13f381a173b7a93450e53459075c9b76a10433caadcb2f1180f2c741fc55a4
  rexml (3.4.4) sha256=19e0a2c3425dfbf2d4fc1189747bdb2f849b6c5e74180401b15734bc97b5d142
  rubocop (1.62.1) sha256=aeb1ec501aef5833617b3b6a1512303806218c349c28ce5b3ea72e3782ad4a35
  rubocop-ast (1.49.1) sha256=4412f3ee70f6fe4546cc489548e0f6fcf76cafcfa80fa03af67098ffed755035
  rubocop-performance (1.23.1) sha256=f22f86a795f5e6a6180aac2c6fc172534b173a068d6ed3396d6460523e051b82
  ruby-progressbar (1.13.0) sha256=80fc9c47a9b640d6834e0dc7b3c94c9df37f08cb072b7761e4a71e22cff29b33
  standard (1.35.1) sha256=69a633610864f76e84b438d44b605fda020a3fc9b31a2d50d3487edb77a572ad
  standard-custom (1.0.2) sha256=424adc84179a074f1a2a309bb9cf7cd6bfdb2b6541f20c6bf9436c0ba22a652b
  standard-performance (1.6.0) sha256=2d8b71aa190489e0775ec308d405ece3f6ac06e303a4a7d7560ce1ca074749f4
  unicode-display_width (2.6.0) sha256=12279874bba6d5e4d2728cef814b19197dbb10d7a7837a869bab65da943b7f5a

BUNDLED WITH
  4.0.8
