version = 1
revision = 3
requires-python = "==3.13.*"

[[package]]
name = "click"
version = "8.2.0"
source = { registry = "https://pypi.org/simple" }
dependencies = [
    { name = "colorama", marker = "sys_platform == 'win32'" },
]
sdist = { url = "https://files.pythonhosted.org/packages/cd/0f/62ca20172d4f87d93cf89665fbaedcd560ac48b465bd1d92bfc7ea6b0a41/click-8.2.0.tar.gz", hash = "sha256:f5452aeddd9988eefa20f90f05ab66f17fce1ee2a36907fd30b05bbb5953814d", size = 235857, upload-time = "2025-05-10T22:21:03.111Z" }
wheels = [
    { url = "https://files.pythonhosted.org/packages/a2/58/1f37bf81e3c689cc74ffa42102fa8915b59085f54a6e4a80bc6265c0f6bf/click-8.2.0-py3-none-any.whl", hash = "sha256:6b303f0b2aa85f1cb4e5303078fadcbcd4e476f114fab9b5007005711839325c", size = 102156, upload-time = "2025-05-10T22:21:01.352Z" },
]

[[package]]
name = "colorama"
version = "0.4.6"
source = { registry = "https://pypi.org/simple" }
sdist = { url = "https://files.pythonhosted.org/packages/d8/53/6f443c9a4a8358a93a6792e2acffb9d9d5cb0a5cfd8802644b7b1c9a02e4/colorama-0.4.6.tar.gz", hash = "sha256:08695f5cb7ed6e0531a20572697297273c47b8cae5a63ffc6d6ed5c201be6e44", size = 27697, upload-time = "2022-10-25T02:36:22.414Z" }
wheels = [
    { url = "https://files.pythonhosted.org/packages/d1/d6/3965ed04c63042e047cb6a3e6ed1a63a35087b6a609aa3a15ed8ac56c221/colorama-0.4.6-py2.py3-none-any.whl", hash = "sha256:4f1d9991f5acc0ca119f9d443620b77f9d6b33703e51011c16baf57afb285fc6", size = 25335, upload-time = "2022-10-25T02:36:20.889Z" },
]

[[package]]
name = "greeter"
version = "0.1.2"
source = { editable = "." }
dependencies = [
    { name = "click" },
    { name = "grpcio" },
    { name = "protobuf" },
]

[package.optional-dependencies]
dev = [
    { name = "grpcio-tools" },
    { name = "pytest" },
    { name = "ruff" },
]

[package.metadata]
requires-dist = [
    { name = "click", specifier = ">=8.2.0" },
    { name = "grpcio", specifier = ">=1.78.0" },
    { name = "grpcio-tools", marker = "extra == 'dev'", specifier = ">=1.78.0" },
    { name = "protobuf", specifier = ">=6.33.0" },
    { name = "pytest", marker = "extra == 'dev'", specifier = ">=8.4.0" },
    { name = "ruff", marker = "extra == 'dev'", specifier = ">=0.9.4" },
]
provides-extras = ["dev"]

[[package]]
name = "grpcio"
version = "1.78.0"
source = { registry = "https://pypi.org/simple" }
dependencies = [
    { name = "typing-extensions" },
]
sdist = { url = "https://files.pythonhosted.org/packages/06/8a/3d098f35c143a89520e568e6539cc098fcd294495910e359889ce8741c84/grpcio-1.78.0.tar.gz", hash = "sha256:7382b95189546f375c174f53a5fa873cef91c4b8005faa05cc5b3beea9c4f1c5", size = 12852416, upload-time = "2026-02-06T09:57:18.093Z" }
wheels = [
    { url = "https://files.pythonhosted.org/packages/05/a9/8f75894993895f361ed8636cd9237f4ab39ef87fd30db17467235ed1c045/grpcio-1.78.0-cp313-cp313-linux_armv7l.whl", hash = "sha256:ce3a90455492bf8bfa38e56fbbe1dbd4f872a3d8eeaf7337dc3b1c8aa28c271b", size = 5920143, upload-time = "2026-02-06T09:55:52.035Z" },
    { url = "https://files.pythonhosted.org/packages/55/06/0b78408e938ac424100100fd081189451b472236e8a3a1f6500390dc4954/grpcio-1.78.0-cp313-cp313-macosx_11_0_universal2.whl", hash = "sha256:2bf5e2e163b356978b23652c4818ce4759d40f4712ee9ec5a83c4be6f8c23a3a", size = 11803926, upload-time = "2026-02-06T09:55:55.494Z" },
    { url = "https://files.pythonhosted.org/packages/88/93/b59fe7832ff6ae3c78b813ea43dac60e295fa03606d14d89d2e0ec29f4f3/grpcio-1.78.0-cp313-cp313-manylinux2014_aarch64.manylinux_2_17_aarch64.whl", hash = "sha256:8f2ac84905d12918e4e55a16da17939eb63e433dc11b677267c35568aa63fc84", size = 6478628, upload-time = "2026-02-06T09:55:58.533Z" },
    { url = "https://files.pythonhosted.org/packages/ed/df/e67e3734527f9926b7d9c0dde6cd998d1d26850c3ed8eeec81297967ac67/grpcio-1.78.0-cp313-cp313-manylinux2014_i686.manylinux_2_17_i686.whl", hash = "sha256:b58f37edab4a3881bc6c9bca52670610e0c9ca14e2ea3cf9debf185b870457fb", size = 7173574, upload-time = "2026-02-06T09:56:01.786Z" },
    { url = "https://files.pythonhosted.org/packages/a6/62/cc03fffb07bfba982a9ec097b164e8835546980aec25ecfa5f9c1a47e022/grpcio-1.78.0-cp313-cp313-manylinux2014_x86_64.manylinux_2_17_x86_64.whl", hash = "sha256:735e38e176a88ce41840c21bb49098ab66177c64c82426e24e0082500cc68af5", size = 6692639, upload-time = "2026-02-06T09:56:04.529Z" },
    { url = "https://files.pythonhosted.org/packages/bf/9a/289c32e301b85bdb67d7ec68b752155e674ee3ba2173a1858f118e399ef3/grpcio-1.78.0-cp313-cp313-musllinux_1_2_aarch64.whl", hash = "sha256:2045397e63a7a0ee7957c25f7dbb36ddc110e0cfb418403d110c0a7a68a844e9", size = 7268838, upload-time = "2026-02-06T09:56:08.397Z" },
    { url = "https://files.pythonhosted.org/packages/0e/79/1be93f32add280461fa4773880196572563e9c8510861ac2da0ea0f892b6/grpcio-1.78.0-cp313-cp313-musllinux_1_2_i686.whl", hash = "sha256:a9f136fbafe7ccf4ac7e8e0c28b31066e810be52d6e344ef954a3a70234e1702", size = 8251878, upload-time = "2026-02-06T09:56:10.914Z" },
    { url = "https://files.pythonhosted.org/packages/65/65/793f8e95296ab92e4164593674ae6291b204bb5f67f9d4a711489cd30ffa/grpcio-1.78.0-cp313-cp313-musllinux_1_2_x86_64.whl", hash = "sha256:748b6138585379c737adc08aeffd21222abbda1a86a0dca2a39682feb9196c20", size = 7695412, upload-time = "2026-02-06T09:56:13.593Z" },
    { url = "https://files.pythonhosted.org/packages/1c/9f/1e233fe697ecc82845942c2822ed06bb522e70d6771c28d5528e4c50f6a4/grpcio-1.78.0-cp313-cp313-win32.whl", hash = "sha256:271c73e6e5676afe4fc52907686670c7cea22ab2310b76a59b678403ed40d670", size = 4064899, upload-time = "2026-02-06T09:56:15.601Z" },
    { url = "https://files.pythonhosted.org/packages/4d/27/d86b89e36de8a951501fb06a0f38df19853210f341d0b28f83f4aa0ffa08/grpcio-1.78.0-cp313-cp313-win_amd64.whl", hash = "sha256:f2d4e43ee362adfc05994ed479334d5a451ab7bc3f3fee1b796b8ca66895acb4", size = 4797393, upload-time = "2026-02-06T09:56:17.882Z" },
]

[[package]]
name = "grpcio-tools"
version = "1.78.0"
source = { registry = "https://pypi.org/simple" }
dependencies = [
    { name = "grpcio" },
    { name = "protobuf" },
    { name = "setuptools" },
]
sdist = { url = "https://files.pythonhosted.org/packages/8b/d1/cbefe328653f746fd319c4377836a25ba64226e41c6a1d7d5cdbc87a459f/grpcio_tools-1.78.0.tar.gz", hash = "sha256:4b0dd86560274316e155d925158276f8564508193088bc43e20d3f5dff956b2b", size = 5393026, upload-time = "2026-02-06T09:59:59.53Z" }
wheels = [
    { url = "https://files.pythonhosted.org/packages/53/ce/17311fb77530420e2f441e916b347515133e83d21cd6cc77be04ce093d5b/grpcio_tools-1.78.0-cp313-cp313-linux_armv7l.whl", hash = "sha256:2d6de1cc23bdc1baafc23e201b1e48c617b8c1418b4d8e34cebf72141676e5fb", size = 2546284, upload-time = "2026-02-06T09:58:43.073Z" },
    { url = "https://files.pythonhosted.org/packages/1d/d3/79e101483115f0e78223397daef71751b75eba7e92a32060c10aae11ca64/grpcio_tools-1.78.0-cp313-cp313-macosx_11_0_universal2.whl", hash = "sha256:2afeaad88040894c76656202ff832cb151bceb05c0e6907e539d129188b1e456", size = 5705653, upload-time = "2026-02-06T09:58:45.533Z" },
    { url = "https://files.pythonhosted.org/packages/8b/a7/52fa3ccb39ceeee6adc010056eadfbca8198651c113e418dafebbdf2b306/grpcio_tools-1.78.0-cp313-cp313-manylinux2014_aarch64.manylinux_2_17_aarch64.whl", hash = "sha256:33cc593735c93c03d63efe7a8ba25f3c66f16c52f0651910712490244facad72", size = 2592788, upload-time = "2026-02-06T09:58:48.918Z" },
    { url = "https://files.pythonhosted.org/packages/68/08/682ff6bb548225513d73dc9403742d8975439d7469c673bc534b9bbc83a7/grpcio_tools-1.78.0-cp313-cp313-manylinux2014_i686.manylinux_2_17_i686.whl", hash = "sha256:2921d7989c4d83b71f03130ab415fa4d66e6693b8b8a1fcbb7a1c67cff19b812", size = 2905157, upload-time = "2026-02-06T09:58:51.478Z" },
    { url = "https://files.pythonhosted.org/packages/b2/66/264f3836a96423b7018e5ada79d62576a6401f6da4e1f4975b18b2be1265/grpcio_tools-1.78.0-cp313-cp313-manylinux2014_x86_64.manylinux_2_17_x86_64.whl", hash = "sha256:e6a0df438e82c804c7b95e3f311c97c2f876dcc36376488d5b736b7bcf5a9b45", size = 2656166, upload-time = "2026-02-06T09:58:54.117Z" },
    { url = "https://files.pythonhosted.org/packages/f3/6b/f108276611522e03e98386b668cc7e575eff6952f2db9caa15b2a3b3e883/grpcio_tools-1.78.0-cp313-cp313-musllinux_1_2_aarch64.whl", hash = "sha256:e9c6070a9500798225191ef25d0055a15d2c01c9c8f2ee7b681fffa99c98c822", size = 3109110, upload-time = "2026-02-06T09:58:56.891Z" },
    { url = "https://files.pythonhosted.org/packages/6f/c7/cf048dbcd64b3396b3c860a2ffbcc67a8f8c87e736aaa74c2e505a7eee4c/grpcio_tools-1.78.0-cp313-cp313-musllinux_1_2_i686.whl", hash = "sha256:394e8b57d85370a62e5b0a4d64c96fcf7568345c345d8590c821814d227ecf1d", size = 3657863, upload-time = "2026-02-06T09:58:59.176Z" },
    { url = "https://files.pythonhosted.org/packages/b6/37/e2736912c8fda57e2e57a66ea5e0bc8eb9a5fb7ded00e866ad22d50afb08/grpcio_tools-1.78.0-cp313-cp313-musllinux_1_2_x86_64.whl", hash = "sha256:a3ef700293ab375e111a2909d87434ed0a0b086adf0ce67a8d9cf12ea7765e63", size = 3324748, upload-time = "2026-02-06T09:59:01.242Z" },
    { url = "https://files.pythonhosted.org/packages/1c/5d/726abc75bb5bfc2841e88ea05896e42f51ca7c30cb56da5c5b63058b3867/grpcio_tools-1.78.0-cp313-cp313-win32.whl", hash = "sha256:6993b960fec43a8d840ee5dc20247ef206c1a19587ea49fe5e6cc3d2a09c1585", size = 993074, upload-time = "2026-02-06T09:59:03.085Z" },
    { url = "https://files.pythonhosted.org/packages/c5/68/91b400bb360faf9b177ffb5540ec1c4d06ca923691ddf0f79e2c9683f4da/grpcio_tools-1.78.0-cp313-cp313-win_amd64.whl", hash = "sha256:275ce3c2978842a8cf9dd88dce954e836e590cf7029649ad5d1145b779039ed5", size = 1158185, upload-time = "2026-02-06T09:59:05.036Z" },
]

[[package]]
name = "iniconfig"
version = "2.1.0"
source = { registry = "https://pypi.org/simple" }
sdist = { url = "https://files.pythonhosted.org/packages/f2/97/ebf4da567aa6827c909642694d71c9fcf53e5b504f2d96afea02718862f3/iniconfig-2.1.0.tar.gz", hash = "sha256:3abbd2e30b36733fee78f9c7f7308f2d0050e88f0087fd25c2645f63c773e1c7", size = 4793, upload-time = "2025-03-19T20:09:59.721Z" }
wheels = [
    { url = "https://files.pythonhosted.org/packages/2c/e1/e6716421ea10d38022b952c159d5161ca1193197fb744506875fbb87ea7b/iniconfig-2.1.0-py3-none-any.whl", hash = "sha256:9deba5723312380e77435581c6bf4935c94cbfab9b1ed33ef8d238ea168eb760", size = 6050, upload-time = "2025-03-19T20:10:01.071Z" },
]

[[package]]
name = "packaging"
version = "25.0"
source = { registry = "https://pypi.org/simple" }
sdist = { url = "https://files.pythonhosted.org/packages/a1/d4/1fc4078c65507b51b96ca8f8c3ba19e6a61c8253c72794544580a7b6c24d/packaging-25.0.tar.gz", hash = "sha256:d443872c98d677bf60f6a1f2f8c1cb748e8fe762d2bf9d3148b5599295b0fc4f", size = 165727, upload-time = "2025-04-19T11:48:59.673Z" }
wheels = [
    { url = "https://files.pythonhosted.org/packages/20/12/38679034af332785aac8774540895e234f4d07f7545804097de4b666afd8/packaging-25.0-py3-none-any.whl", hash = "sha256:29572ef2b1f17581046b3a2227d5c611fb25ec70ca1ba8554b24b0e69331a484", size = 66469, upload-time = "2025-04-19T11:48:57.875Z" },
]

[[package]]
name = "pluggy"
version = "1.6.0"
source = { registry = "https://pypi.org/simple" }
sdist = { url = "https://files.pythonhosted.org/packages/f9/e2/3e91f31a7d2b083fe6ef3fa267035b518369d9511ffab804f839851d2779/pluggy-1.6.0.tar.gz", hash = "sha256:7dcc130b76258d33b90f61b658791dede3486c3e6bfb003ee5c9bfb396dd22f3", size = 69412, upload-time = "2025-05-15T12:30:07.975Z" }
wheels = [
    { url = "https://files.pythonhosted.org/packages/54/20/4d324d65cc6d9205fabedc306948156824eb9f0ee1633355a8f7ec5c66bf/pluggy-1.6.0-py3-none-any.whl", hash = "sha256:e920276dd6813095e9377c0bc5566d94c932c33b27a3e3945d8389c374dd4746", size = 20538, upload-time = "2025-05-15T12:30:06.134Z" },
]

[[package]]
name = "protobuf"
version = "6.33.5"
source = { registry = "https://pypi.org/simple" }
sdist = { url = "https://files.pythonhosted.org/packages/ba/25/7c72c307aafc96fa87062aa6291d9f7c94836e43214d43722e86037aac02/protobuf-6.33.5.tar.gz", hash = "sha256:6ddcac2a081f8b7b9642c09406bc6a4290128fce5f471cddd165960bb9119e5c", size = 444465, upload-time = "2026-01-29T21:51:33.494Z" }
wheels = [
    { url = "https://files.pythonhosted.org/packages/b1/79/af92d0a8369732b027e6d6084251dd8e782c685c72da161bd4a2e00fbabb/protobuf-6.33.5-cp310-abi3-win32.whl", hash = "sha256:d71b040839446bac0f4d162e758bea99c8251161dae9d0983a3b88dee345153b", size = 425769, upload-time = "2026-01-29T21:51:21.751Z" },
    { url = "https://files.pythonhosted.org/packages/55/75/bb9bc917d10e9ee13dee8607eb9ab963b7cf8be607c46e7862c748aa2af7/protobuf-6.33.5-cp310-abi3-win_amd64.whl", hash = "sha256:3093804752167bcab3998bec9f1048baae6e29505adaf1afd14a37bddede533c", size = 437118, upload-time = "2026-01-29T21:51:24.022Z" },
    { url = "https://files.pythonhosted.org/packages/a2/6b/e48dfc1191bc5b52950246275bf4089773e91cb5ba3592621723cdddca62/protobuf-6.33.5-cp39-abi3-macosx_10_9_universal2.whl", hash = "sha256:a5cb85982d95d906df1e2210e58f8e4f1e3cdc088e52c921a041f9c9a0386de5", size = 427766, upload-time = "2026-01-29T21:51:25.413Z" },
    { url = "https://files.pythonhosted.org/packages/4e/b1/c79468184310de09d75095ed1314b839eb2f72df71097db9d1404a1b2717/protobuf-6.33.5-cp39-abi3-manylinux2014_aarch64.whl", hash = "sha256:9b71e0281f36f179d00cbcb119cb19dec4d14a81393e5ea220f64b286173e190", size = 324638, upload-time = "2026-01-29T21:51:26.423Z" },
    { url = "https://files.pythonhosted.org/packages/c5/f5/65d838092fd01c44d16037953fd4c2cc851e783de9b8f02b27ec4ffd906f/protobuf-6.33.5-cp39-abi3-manylinux2014_s390x.whl", hash = "sha256:8afa18e1d6d20af15b417e728e9f60f3aa108ee76f23c3b2c07a2c3b546d3afd", size = 339411, upload-time = "2026-01-29T21:51:27.446Z" },
    { url = "https://files.pythonhosted.org/packages/9b/53/a9443aa3ca9ba8724fdfa02dd1887c1bcd8e89556b715cfbacca6b63dbec/protobuf-6.33.5-cp39-abi3-manylinux2014_x86_64.whl", hash = "sha256:cbf16ba3350fb7b889fca858fb215967792dc125b35c7976ca4818bee3521cf0", size = 323465, upload-time = "2026-01-29T21:51:28.925Z" },
    { url = "https://files.pythonhosted.org/packages/57/bf/2086963c69bdac3d7cff1cc7ff79b8ce5ea0bec6797a017e1be338a46248/protobuf-6.33.5-py3-none-any.whl", hash = "sha256:69915a973dd0f60f31a08b8318b73eab2bd6a392c79184b3612226b0a3f8ec02", size = 170687, upload-time = "2026-01-29T21:51:32.557Z" },
]

[[package]]
name = "pygments"
version = "2.19.2"
source = { registry = "https://pypi.org/simple" }
sdist = { url = "https://files.pythonhosted.org/packages/b0/77/a5b8c569bf593b0140bde72ea885a803b82086995367bf2037de0159d924/pygments-2.19.2.tar.gz", hash = "sha256:636cb2477cec7f8952536970bc533bc43743542f70392ae026374600add5b887", size = 4968631, upload-time = "2025-06-21T13:39:12.283Z" }
wheels = [
    { url = "https://files.pythonhosted.org/packages/c7/21/705964c7812476f378728bdf590ca4b771ec72385c533964653c68e86bdc/pygments-2.19.2-py3-none-any.whl", hash = "sha256:86540386c03d588bb81d44bc3928634ff26449851e99741617ecb9037ee5ec0b", size = 1225217, upload-time = "2025-06-21T13:39:07.939Z" },
]

[[package]]
name = "pytest"
version = "8.4.1"
source = { registry = "https://pypi.org/simple" }
dependencies = [
    { name = "colorama", marker = "sys_platform == 'win32'" },
    { name = "iniconfig" },
    { name = "packaging" },
    { name = "pluggy" },
    { name = "pygments" },
]
sdist = { url = "https://files.pythonhosted.org/packages/08/ba/45911d754e8eba3d5a841a5ce61a65a685ff1798421ac054f85aa8747dfb/pytest-8.4.1.tar.gz", hash = "sha256:7c67fd69174877359ed9371ec3af8a3d2b04741818c51e5e99cc1742251fa93c", size = 1517714, upload-time = "2025-06-18T05:48:06.109Z" }
wheels = [
    { url = "https://files.pythonhosted.org/packages/29/16/c8a903f4c4dffe7a12843191437d7cd8e32751d5de349d45d3fe69544e87/pytest-8.4.1-py3-none-any.whl", hash = "sha256:539c70ba6fcead8e78eebbf1115e8b589e7565830d7d006a8723f19ac8a0afb7", size = 365474, upload-time = "2025-06-18T05:48:03.955Z" },
]

[[package]]
name = "ruff"
version = "0.15.0"
source = { registry = "https://pypi.org/simple" }
sdist = { url = "https://files.pythonhosted.org/packages/c8/39/5cee96809fbca590abea6b46c6d1c586b49663d1d2830a751cc8fc42c666/ruff-0.15.0.tar.gz", hash = "sha256:6bdea47cdbea30d40f8f8d7d69c0854ba7c15420ec75a26f463290949d7f7e9a", size = 4524893, upload-time = "2026-02-03T17:53:35.357Z" }
wheels = [
    { url = "https://files.pythonhosted.org/packages/bc/88/3fd1b0aa4b6330d6aaa63a285bc96c9f71970351579152d231ed90914586/ruff-0.15.0-py3-none-linux_armv6l.whl", hash = "sha256:aac4ebaa612a82b23d45964586f24ae9bc23ca101919f5590bdb368d74ad5455", size = 10354332, upload-time = "2026-02-03T17:52:54.892Z" },
    { url = "https://files.pythonhosted.org/packages/72/f6/62e173fbb7eb75cc29fe2576a1e20f0a46f671a2587b5f604bfb0eaf5f6f/ruff-0.15.0-py3-none-macosx_10_12_x86_64.whl", hash = "sha256:dcd4be7cc75cfbbca24a98d04d0b9b36a270d0833241f776b788d59f4142b14d", size = 10767189, upload-time = "2026-02-03T17:53:19.778Z" },
    { url = "https://files.pythonhosted.org/packages/99/e4/968ae17b676d1d2ff101d56dc69cf333e3a4c985e1ec23803df84fc7bf9e/ruff-0.15.0-py3-none-macosx_11_0_arm64.whl", hash = "sha256:d747e3319b2bce179c7c1eaad3d884dc0a199b5f4d5187620530adf9105268ce", size = 10075384, upload-time = "2026-02-03T17:53:29.241Z" },
    { url = "https://files.pythonhosted.org/packages/a2/bf/9843c6044ab9e20af879c751487e61333ca79a2c8c3058b15722386b8cae/ruff-0.15.0-py3-none-manylinux_2_17_aarch64.manylinux2014_aarch64.whl", hash = "sha256:650bd9c56ae03102c51a5e4b554d74d825ff3abe4db22b90fd32d816c2e90621", size = 10481363, upload-time = "2026-02-03T17:52:43.332Z" },
    { url = "https://files.pythonhosted.org/packages/55/d9/4ada5ccf4cd1f532db1c8d44b6f664f2208d3d93acbeec18f82315e15193/ruff-0.15.0-py3-none-manylinux_2_17_armv7l.manylinux2014_armv7l.whl", hash = "sha256:a6664b7eac559e3048223a2da77769c2f92b43a6dfd4720cef42654299a599c9", size = 10187736, upload-time = "2026-02-03T17:53:00.522Z" },
    { url = "https://files.pythonhosted.org/packages/86/e2/f25eaecd446af7bb132af0a1d5b135a62971a41f5366ff41d06d25e77a91/ruff-0.15.0-py3-none-manylinux_2_17_i686.manylinux2014_i686.whl", hash = "sha256:6f811f97b0f092b35320d1556f3353bf238763420ade5d9e62ebd2b73f2ff179", size = 10968415, upload-time = "2026-02-03T17:53:15.705Z" },
    { url = "https://files.pythonhosted.org/packages/e7/dc/f06a8558d06333bf79b497d29a50c3a673d9251214e0d7ec78f90b30aa79/ruff-0.15.0-py3-none-manylinux_2_17_ppc64le.manylinux2014_ppc64le.whl", hash = "sha256:761ec0a66680fab6454236635a39abaf14198818c8cdf691e036f4bc0f406b2d", size = 11809643, upload-time = "2026-02-03T17:53:23.031Z" },
    { url = "https://files.pythonhosted.org/packages/dd/45/0ece8db2c474ad7df13af3a6d50f76e22a09d078af63078f005057ca59eb/ruff-0.15.0-py3-none-manylinux_2_17_s390x.manylinux2014_s390x.whl", hash = "sha256:940f11c2604d317e797b289f4f9f3fa5555ffe4fb574b55ed006c3d9b6f0eb78", size = 11234787, upload-time = "2026-02-03T17:52:46.432Z" },
    { url = "https://files.pythonhosted.org/packages/8a/d9/0e3a81467a120fd265658d127db648e4d3acfe3e4f6f5d4ea79fac47e587/ruff-0.15.0-py3-none-manylinux_2_17_x86_64.manylinux2014_x86_64.whl", hash = "sha256:bcbca3d40558789126da91d7ef9a7c87772ee107033db7191edefa34e2c7f1b4", size = 11112797, upload-time = "2026-02-03T17:52:49.274Z" },
    { url = "https://files.pythonhosted.org/packages/b2/cb/8c0b3b0c692683f8ff31351dfb6241047fa873a4481a76df4335a8bff716/ruff-0.15.0-py3-none-manylinux_2_31_riscv64.whl", hash = "sha256:9a121a96db1d75fa3eb39c4539e607f628920dd72ff1f7c5ee4f1b768ac62d6e", size = 11033133, upload-time = "2026-02-03T17:53:33.105Z" },
    { url = "https://files.pythonhosted.org/packages/f8/5e/23b87370cf0f9081a8c89a753e69a4e8778805b8802ccfe175cc410e50b9/ruff-0.15.0-py3-none-musllinux_1_2_aarch64.whl", hash = "sha256:5298d518e493061f2eabd4abd067c7e4fb89e2f63291c94332e35631c07c3662", size = 10442646, upload-time = "2026-02-03T17:53:06.278Z" },
    { url = "https://files.pythonhosted.org/packages/e1/9a/3c94de5ce642830167e6d00b5c75aacd73e6347b4c7fc6828699b150a5ee/ruff-0.15.0-py3-none-musllinux_1_2_armv7l.whl", hash = "sha256:afb6e603d6375ff0d6b0cee563fa21ab570fd15e65c852cb24922cef25050cf1", size = 10195750, upload-time = "2026-02-03T17:53:26.084Z" },
    { url = "https://files.pythonhosted.org/packages/30/15/e396325080d600b436acc970848d69df9c13977942fb62bb8722d729bee8/ruff-0.15.0-py3-none-musllinux_1_2_i686.whl", hash = "sha256:77e515f6b15f828b94dc17d2b4ace334c9ddb7d9468c54b2f9ed2b9c1593ef16", size = 10676120, upload-time = "2026-02-03T17:53:09.363Z" },
    { url = "https://files.pythonhosted.org/packages/8d/c9/229a23d52a2983de1ad0fb0ee37d36e0257e6f28bfd6b498ee2c76361874/ruff-0.15.0-py3-none-musllinux_1_2_x86_64.whl", hash = "sha256:6f6e80850a01eb13b3e42ee0ebdf6e4497151b48c35051aab51c101266d187a3", size = 11201636, upload-time = "2026-02-03T17:52:57.281Z" },
    { url = "https://files.pythonhosted.org/packages/6f/b0/69adf22f4e24f3677208adb715c578266842e6e6a3cc77483f48dd999ede/ruff-0.15.0-py3-none-win32.whl", hash = "sha256:238a717ef803e501b6d51e0bdd0d2c6e8513fe9eec14002445134d3907cd46c3", size = 10465945, upload-time = "2026-02-03T17:53:12.591Z" },
    { url = "https://files.pythonhosted.org/packages/51/ad/f813b6e2c97e9b4598be25e94a9147b9af7e60523b0cb5d94d307c15229d/ruff-0.15.0-py3-none-win_amd64.whl", hash = "sha256:dd5e4d3301dc01de614da3cdffc33d4b1b96fb89e45721f1598e5532ccf78b18", size = 11564657, upload-time = "2026-02-03T17:52:51.893Z" },
    { url = "https://files.pythonhosted.org/packages/f6/b0/2d823f6e77ebe560f4e397d078487e8d52c1516b331e3521bc75db4272ca/ruff-0.15.0-py3-none-win_arm64.whl", hash = "sha256:c480d632cc0ca3f0727acac8b7d053542d9e114a462a145d0b00e7cd658c515a", size = 10865753, upload-time = "2026-02-03T17:53:03.014Z" },
]

[[package]]
name = "setuptools"
version = "80.4.0"
source = { registry = "https://pypi.org/simple" }
sdist = { url = "https://files.pythonhosted.org/packages/95/32/0cc40fe41fd2adb80a2f388987f4f8db3c866c69e33e0b4c8b093fdf700e/setuptools-80.4.0.tar.gz", hash = "sha256:5a78f61820bc088c8e4add52932ae6b8cf423da2aff268c23f813cfbb13b4006", size = 1315008, upload-time = "2025-05-09T20:42:27.972Z" }
wheels = [
    { url = "https://files.pythonhosted.org/packages/b1/93/dba5ed08c2e31ec7cdc2ce75705a484ef0be1a2fecac8a58272489349de8/setuptools-80.4.0-py3-none-any.whl", hash = "sha256:6cdc8cb9a7d590b237dbe4493614a9b75d0559b888047c1f67d49ba50fc3edb2", size = 1200812, upload-time = "2025-05-09T20:42:25.325Z" },
]

[[package]]
name = "typing-extensions"
version = "4.15.0"
source = { registry = "https://pypi.org/simple" }
sdist = { url = "https://files.pythonhosted.org/packages/72/94/1a15dd82efb362ac84269196e94cf00f187f7ed21c242792a923cdb1c61f/typing_extensions-4.15.0.tar.gz", hash = "sha256:0cea48d173cc12fa28ecabc3b837ea3cf6f38c6d1136f85cbaaf598984861466", size = 109391, upload-time = "2025-08-25T13:49:26.313Z" }
wheels = [
    { url = "https://files.pythonhosted.org/packages/18/67/36e9267722cc04a6b9f15c7f3441c2363321a3ea07da7ae0c0707beb2a9c/typing_extensions-4.15.0-py3-none-any.whl", hash = "sha256:f0fa19c6845758ab08074a0cfa8b7aecb71c999ca73d62883bc25cc018c4e548", size = 44614, upload-time = "2025-08-25T13:49:24.86Z" },
]
